
Microsoft Visual Studio Solution File, Format Version 12.00
# Visual Studio 2012
Project("{FAE04EC0-301F-11D3-BF4B-00C04F79EFBC}") = "001_Calculator", "001_Calculator\001_Calculator.csproj", "{8A57742C-FF1C-4367-AC57-0261F6813F11}"
EndProject
Project("{FAE04EC0-301F-11D3-BF4B-00C04F79EFBC}") = "003_Calculator_NUnit", "002_Calculator_NUnit\003_Calculator_NUnit.csproj", "{364317A9-EF78-465E-9B98-791C94A3C872}"
EndProject
Project("{FAE04EC0-301F-11D3-BF4B-00C04F79EFBC}") = "003_Calculator_MSUnit", "003_Calculator_MSUnit\003_Calculator_MSUnit.csproj", "{A7F6E29E-1AD8-4811-95C0-A4747681282D}"
EndProject
Project("{FAE04EC0-301F-11D3-BF4B-00C04F79EFBC}") = "004_Asserts", "004_Assert\004_Asserts.csproj", "{C8B57F79-721D-49BF-ACC2-15740E2C577E}"
EndProject
Project("{FAE04EC0-301F-11D3-BF4B-00C04F79EFBC}") = "005_AssertSyntaxTests", "010_AssertSyntaxTests\005_AssertSyntaxTests.csproj", "{8ED9DEF6-F5E2-480A-B176-0CEFB5A5065C}"
EndProject
Project("{FAE04EC0-301F-11D3-BF4B-00C04F79EFBC}") = "002_Calculator", "001_2_Calculator\002_Calculator.csproj", "{A9D13187-21C9-414C-9A80-C70CEC0EBCFA}"
EndProject
Project("{FAE04EC0-301F-11D3-BF4B-00C04F79EFBC}") = "006_Attributes", "011_SetUpTearDownAttribute\006_Attributes.csproj", "{CE4D7A86-90A5-4AA2-9ED6-56CBF632C723}"
EndProject
Global
	GlobalSection(SolutionConfigurationPlatforms) = preSolution
		Debug|Any CPU = Debug|Any CPU
		Release|Any CPU = Release|Any CPU
	EndGlobalSection
	GlobalSection(ProjectConfigurationPlatforms) = postSolution
		{8A57742C-FF1C-4367-AC57-0261F6813F11}.Debug|Any CPU.ActiveCfg = Debug|Any CPU
		{8A57742C-FF1C-4367-AC57-0261F6813F11}.Debug|Any CPU.Build.0 = Debug|Any CPU
		{8A57742C-FF1C-4367-AC57-0261F6813F11}.Release|Any CPU.ActiveCfg = Release|Any CPU
		{8A57742C-FF1C-4367-AC57-0261F6813F11}.Release|Any CPU.Build.0 = Release|Any CPU
		{364317A9-EF78-465E-9B98-791C94A3C872}.Debug|Any CPU.ActiveCfg = Debug|Any CPU
		{364317A9-EF78-465E-9B98-791C94A3C872}.Debug|Any CPU.Build.0 = Debug|Any CPU
		{364317A9-EF78-465E-9B98-791C94A3C872}.Release|Any CPU.ActiveCfg = Release|Any CPU
		{364317A9-EF78-465E-9B98-791C94A3C872}.Release|Any CPU.Build.0 = Release|Any CPU
		{A7F6E29E-1AD8-4811-95C0-A4747681282D}.Debug|Any CPU.ActiveCfg = Debug|Any CPU
		{A7F6E29E-1AD8-4811-95C0-A4747681282D}.Debug|Any CPU.Build.0 = Debug|Any CPU
		{A7F6E29E-1AD8-4811-95C0-A4747681282D}.Release|Any CPU.ActiveCfg = Release|Any CPU
		{A7F6E29E-1AD8-4811-95C0-A4747681282D}.Release|Any CPU.Build.0 = Release|Any CPU
		{C8B57F79-721D-49BF-ACC2-15740E2C577E}.Debug|Any CPU.ActiveCfg = Debug|Any CPU
		{C8B57F79-721D-49BF-ACC2-15740E2C577E}.Debug|Any CPU.Build.0 = Debug|Any CPU
		{C8B57F79-721D-49BF-ACC2-15740E2C577E}.Release|Any CPU.ActiveCfg = Release|Any CPU
		{C8B57F79-721D-49BF-ACC2-15740E2C577E}.Release|Any CPU.Build.0 = Release|Any CPU
		{8ED9DEF6-F5E2-480A-B176-0CEFB5A5065C}.Debug|Any CPU.ActiveCfg = Debug|Any CPU
		{8ED9DEF6-F5E2-480A-B176-0CEFB5A5065C}.Debug|Any CPU.Build.0 = Debug|Any CPU
		{8ED9DEF6-F5E2-480A-B176-0CEFB5A5065C}.Release|Any CPU.ActiveCfg = Release|Any CPU
		{8ED9DEF6-F5E2-480A-B176-0CEFB5A5065C}.Release|Any CPU.Build.0 = Release|Any CPU
		{A9D13187-21C9-414C-9A80-C70CEC0EBCFA}.Debug|Any CPU.ActiveCfg = Debug|Any CPU
		{A9D13187-21C9-414C-9A80-C70CEC0EBCFA}.Debug|Any CPU.Build.0 = Debug|Any CPU
		{A9D13187-21C9-414C-9A80-C70CEC0EBCFA}.Release|Any CPU.ActiveCfg = Release|Any CPU
		{A9D13187-21C9-414C-9A80-C70CEC0EBCFA}.Release|Any CPU.Build.0 = Release|Any CPU
		{CE4D7A86-90A5-4AA2-9ED6-56CBF632C723}.Debug|Any CPU.ActiveCfg = Debug|Any CPU
		{CE4D7A86-90A5-4AA2-9ED6-56CBF632C723}.Debug|Any CPU.Build.0 = Debug|Any CPU
		{CE4D7A86-90A5-4AA2-9ED6-56CBF632C723}.Release|Any CPU.ActiveCfg = Release|Any CPU
		{CE4D7A86-90A5-4AA2-9ED6-56CBF632C723}.Release|Any CPU.Build.0 = Release|Any CPU
	EndGlobalSection
	GlobalSection(SolutionProperties) = preSolution
		HideSolutionNode = FALSE
	EndGlobalSection
EndGlobal
