
Microsoft Visual Studio Solution File, Format Version 12.00
# Visual Studio 2012
Project("{FAE04EC0-301F-11D3-BF4B-00C04F79EFBC}") = "Calculator", "MyMath\Calculator.csproj", "{0A7D7007-74B4-44F3-81D5-8F5AE811CF40}"
EndProject
Project("{FAE04EC0-301F-11D3-BF4B-00C04F79EFBC}") = "UnitTestProject1", "UnitTestProject1\UnitTestProject1.csproj", "{BEBA4D84-3231-4987-AFF8-59A3DD27FEB2}"
EndProject
Global
	GlobalSection(SolutionConfigurationPlatforms) = preSolution
		Debug|Any CPU = Debug|Any CPU
		Release|Any CPU = Release|Any CPU
	EndGlobalSection
	GlobalSection(ProjectConfigurationPlatforms) = postSolution
		{0A7D7007-74B4-44F3-81D5-8F5AE811CF40}.Debug|Any CPU.ActiveCfg = Debug|Any CPU
		{0A7D7007-74B4-44F3-81D5-8F5AE811CF40}.Debug|Any CPU.Build.0 = Debug|Any CPU
		{0A7D7007-74B4-44F3-81D5-8F5AE811CF40}.Release|Any CPU.ActiveCfg = Release|Any CPU
		{0A7D7007-74B4-44F3-81D5-8F5AE811CF40}.Release|Any CPU.Build.0 = Release|Any CPU
		{BEBA4D84-3231-4987-AFF8-59A3DD27FEB2}.Debug|Any CPU.ActiveCfg = Debug|Any CPU
		{BEBA4D84-3231-4987-AFF8-59A3DD27FEB2}.Debug|Any CPU.Build.0 = Debug|Any CPU
		{BEBA4D84-3231-4987-AFF8-59A3DD27FEB2}.Release|Any CPU.ActiveCfg = Release|Any CPU
		{BEBA4D84-3231-4987-AFF8-59A3DD27FEB2}.Release|Any CPU.Build.0 = Release|Any CPU
	EndGlobalSection
	GlobalSection(SolutionProperties) = preSolution
		HideSolutionNode = FALSE
	EndGlobalSection
EndGlobal
